
Microsoft Visual Studio Solution File, Format Version 12.00
# Visual Studio Version 17
VisualStudioVersion = 17.1.32210.238
MinimumVisualStudioVersion = 10.0.40219.1
Project("{FAE04EC0-301F-11D3-BF4B-00C04F79EFBC}") = "GymManagerNET.FingeprintReaderClient", "GymManagerNET.FingeprintReaderClient\GymManagerNET.FingeprintReaderClient.csproj", "{AEE3D43B-2056-42DB-BA45-C49C14804F7A}"
EndProject
Project("{9A19103F-16F7-4668-BE54-9A1E7A4F7556}") = "FingerprintReader.Base", "FingerprintReaderBase\FingerprintReader.Base.csproj", "{75DEBABD-7A0B-45AB-B426-0A13B3905446}"
EndProject
Project("{FAE04EC0-301F-11D3-BF4B-00C04F79EFBC}") = "GymManagerNET.FingeprintReaderRestService", "GymManagerNET.FingeprintReaderRestService\GymManagerNET.FingeprintReaderRestService.csproj", "{217E9867-1497-4FE1-8350-BC090CC8B26F}"
EndProject
Global
	GlobalSection(SolutionConfigurationPlatforms) = preSolution
		Debug|Any CPU = Debug|Any CPU
		Release|Any CPU = Release|Any CPU
	EndGlobalSection
	GlobalSection(ProjectConfigurationPlatforms) = postSolution
		{AEE3D43B-2056-42DB-BA45-C49C14804F7A}.Debug|Any CPU.ActiveCfg = Debug|Any CPU
		{AEE3D43B-2056-42DB-BA45-C49C14804F7A}.Debug|Any CPU.Build.0 = Debug|Any CPU
		{AEE3D43B-2056-42DB-BA45-C49C14804F7A}.Release|Any CPU.ActiveCfg = Release|Any CPU
		{AEE3D43B-2056-42DB-BA45-C49C14804F7A}.Release|Any CPU.Build.0 = Release|Any CPU
		{75DEBABD-7A0B-45AB-B426-0A13B3905446}.Debug|Any CPU.ActiveCfg = Debug|Any CPU
		{75DEBABD-7A0B-45AB-B426-0A13B3905446}.Debug|Any CPU.Build.0 = Debug|Any CPU
		{75DEBABD-7A0B-45AB-B426-0A13B3905446}.Release|Any CPU.ActiveCfg = Release|Any CPU
		{75DEBABD-7A0B-45AB-B426-0A13B3905446}.Release|Any CPU.Build.0 = Release|Any CPU
		{217E9867-1497-4FE1-8350-BC090CC8B26F}.Debug|Any CPU.ActiveCfg = Debug|Any CPU
		{217E9867-1497-4FE1-8350-BC090CC8B26F}.Debug|Any CPU.Build.0 = Debug|Any CPU
		{217E9867-1497-4FE1-8350-BC090CC8B26F}.Release|Any CPU.ActiveCfg = Release|Any CPU
		{217E9867-1497-4FE1-8350-BC090CC8B26F}.Release|Any CPU.Build.0 = Release|Any CPU
	EndGlobalSection
	GlobalSection(SolutionProperties) = preSolution
		HideSolutionNode = FALSE
	EndGlobalSection
	GlobalSection(ExtensibilityGlobals) = postSolution
		SolutionGuid = {C38B56A8-3171-4788-B21A-3B22BB2F0421}
	EndGlobalSection
EndGlobal
